
Microsoft Visual Studio Solution File, Format Version 12.00
# Visual Studio Version 16
VisualStudioVersion = 16.0.32228.343
MinimumVisualStudioVersion = 10.0.40219.1
Project("{FAE04EC0-301F-11D3-BF4B-00C04F79EFBC}") = "Laboratorio1", "Laboratorio1\Laboratorio1.csproj", "{5C5FE1E8-BB67-485D-93A9-7CB8396ECBF5}"
EndProject
Project("{FAE04EC0-301F-11D3-BF4B-00C04F79EFBC}") = "Laboratorio1.Tests", "Laboratorio1.Tests\Laboratorio1.Tests.csproj", "{36304E45-7442-4144-85F2-844B3E1E3DD7}"
EndProject
Global
	GlobalSection(SolutionConfigurationPlatforms) = preSolution
		Debug|Any CPU = Debug|Any CPU
		Release|Any CPU = Release|Any CPU
	EndGlobalSection
	GlobalSection(ProjectConfigurationPlatforms) = postSolution
		{5C5FE1E8-BB67-485D-93A9-7CB8396ECBF5}.Debug|Any CPU.ActiveCfg = Debug|Any CPU
		{5C5FE1E8-BB67-485D-93A9-7CB8396ECBF5}.Debug|Any CPU.Build.0 = Debug|Any CPU
		{5C5FE1E8-BB67-485D-93A9-7CB8396ECBF5}.Release|Any CPU.ActiveCfg = Release|Any CPU
		{5C5FE1E8-BB67-485D-93A9-7CB8396ECBF5}.Release|Any CPU.Build.0 = Release|Any CPU
		{36304E45-7442-4144-85F2-844B3E1E3DD7}.Debug|Any CPU.ActiveCfg = Debug|Any CPU
		{36304E45-7442-4144-85F2-844B3E1E3DD7}.Debug|Any CPU.Build.0 = Debug|Any CPU
		{36304E45-7442-4144-85F2-844B3E1E3DD7}.Release|Any CPU.ActiveCfg = Release|Any CPU
		{36304E45-7442-4144-85F2-844B3E1E3DD7}.Release|Any CPU.Build.0 = Release|Any CPU
	EndGlobalSection
	GlobalSection(SolutionProperties) = preSolution
		HideSolutionNode = FALSE
	EndGlobalSection
	GlobalSection(ExtensibilityGlobals) = postSolution
		SolutionGuid = {BF5CA0E7-C0D4-45F6-BA4E-26BB3C81F55C}
	EndGlobalSection
EndGlobal
